
Microsoft Visual Studio Solution File, Format Version 10.00
# Visual Studio 2008
Project("{8BC9CEB8-8B4A-11D0-8D11-00A0C91BC942}") = "sfilterpr", "sfilterpr.vcproj", "{67F4397C-C4B3-4F6D-A865-B7E762952C79}"
EndProject
Global
	GlobalSection(SolutionConfigurationPlatforms) = preSolution
		Debug|Win32 = Debug|Win32
		Release|Win32 = Release|Win32
	EndGlobalSection
	GlobalSection(ProjectConfigurationPlatforms) = postSolution
		{67F4397C-C4B3-4F6D-A865-B7E762952C79}.Debug|Win32.ActiveCfg = Debug|Win32
		{67F4397C-C4B3-4F6D-A865-B7E762952C79}.Debug|Win32.Build.0 = Debug|Win32
		{67F4397C-C4B3-4F6D-A865-B7E762952C79}.Release|Win32.ActiveCfg = Release|Win32
		{67F4397C-C4B3-4F6D-A865-B7E762952C79}.Release|Win32.Build.0 = Release|Win32
	EndGlobalSection
	GlobalSection(SolutionProperties) = preSolution
		HideSolutionNode = FALSE
	EndGlobalSection
EndGlobal
