
Microsoft Visual Studio Solution File, Format Version 12.00
# Visual Studio 15
VisualStudioVersion = 15.0.28307.1062
MinimumVisualStudioVersion = 10.0.40219.1
Project("{8BC9CEB8-8B4A-11D0-8D11-00A0C91BC942}") = "Str", "Str\str.vcxproj", "{B96BA424-96B9-4A50-8E17-12AA91EA9221}"
EndProject
Project("{8BC9CEB8-8B4A-11D0-8D11-00A0C91BC942}") = "NtModel", "NtModel\NtModel.vcxproj", "{D5A9A219-3FCD-4E16-8FD3-6F22EA8C2194}"
EndProject
Project("{8BC9CEB8-8B4A-11D0-8D11-00A0C91BC942}") = "NtLoading", "NtLoading\NtLoading.vcxproj", "{ECEDA662-26AF-4310-A152-BEBA52D76D0E}"
EndProject
Project("{8BC9CEB8-8B4A-11D0-8D11-00A0C91BC942}") = "FileOper", "FileOper\FileOper.vcxproj", "{2CABD3B7-0A89-4FBD-9756-D55670FA9819}"
EndProject
Project("{8BC9CEB8-8B4A-11D0-8D11-00A0C91BC942}") = "RegOper", "RegOper\RegOper.vcxproj", "{9670A341-D7A8-4865-98CC-1667D85689D4}"
EndProject
Project("{8BC9CEB8-8B4A-11D0-8D11-00A0C91BC942}") = "DllBase", "DllBase\DllBase.vcxproj", "{4285C081-63FC-43CA-91C9-32C2BE51F4B8}"
EndProject
Project("{8BC9CEB8-8B4A-11D0-8D11-00A0C91BC942}") = "DllBaseUse", "DllBaseUse\DllBaseUse.vcxproj", "{1568CA9D-23DF-4E67-B362-F9E2D0BF35C3}"
EndProject
Project("{8BC9CEB8-8B4A-11D0-8D11-00A0C91BC942}") = "SFilter", "SFilter\SFilter.vcxproj", "{8F38AF75-5B08-4C1C-90DF-E6BA2E6375E3}"
EndProject
Project("{8BC9CEB8-8B4A-11D0-8D11-00A0C91BC942}") = "PathTransform", "PathTransform\PathTransform.vcxproj", "{0219564D-85CF-4949-9BC5-34C60CA52CEC}"
EndProject
Project("{8BC9CEB8-8B4A-11D0-8D11-00A0C91BC942}") = "DelDir", "DelDir\DelDir.vcxproj", "{5245B8AF-7FC6-43E4-946B-0777EA8168A6}"
EndProject
Project("{8BC9CEB8-8B4A-11D0-8D11-00A0C91BC942}") = "DelFile", "DelFile\DelFile.vcxproj", "{7632F722-DE34-4866-83B1-5B17EA8467C8}"
EndProject
Project("{8BC9CEB8-8B4A-11D0-8D11-00A0C91BC942}") = "ThreadAndLock", "ThreadLock\ThreadLock.vcxproj", "{680BAF9D-579C-413D-9C43-97B06DD222C1}"
EndProject
Project("{8BC9CEB8-8B4A-11D0-8D11-00A0C91BC942}") = "R3R0EventDrv", "R3R0EventDrv\R3R0EventDrv.vcxproj", "{4A97980D-D23D-4FC9-A227-85CBEC8A426E}"
EndProject
Project("{8BC9CEB8-8B4A-11D0-8D11-00A0C91BC942}") = "R3R0EventClient", "R3R0EventClient\R3R0EventClient.vcxproj", "{B6385DAD-52F9-431E-A5CB-26BBA2B928AC}"
EndProject
Project("{8BC9CEB8-8B4A-11D0-8D11-00A0C91BC942}") = "DataStructure", "DataStructure\DataStructure.vcxproj", "{7821D26D-3D8D-403E-8131-3A1DF092FD4B}"
EndProject
Project("{8BC9CEB8-8B4A-11D0-8D11-00A0C91BC942}") = "PopupDrv", "PopupDrv\PopupDrv.vcxproj", "{EC8BB87D-B85C-4FE3-B0EF-0D3DBE5FD3C3}"
EndProject
Global
	GlobalSection(SolutionConfigurationPlatforms) = preSolution
		Debug|ARM = Debug|ARM
		Debug|ARM64 = Debug|ARM64
		Debug|x64 = Debug|x64
		Debug|x86 = Debug|x86
		Release|ARM = Release|ARM
		Release|ARM64 = Release|ARM64
		Release|x64 = Release|x64
		Release|x86 = Release|x86
	EndGlobalSection
	GlobalSection(ProjectConfigurationPlatforms) = postSolution
		{B96BA424-96B9-4A50-8E17-12AA91EA9221}.Debug|ARM.ActiveCfg = Debug|ARM
		{B96BA424-96B9-4A50-8E17-12AA91EA9221}.Debug|ARM.Build.0 = Debug|ARM
		{B96BA424-96B9-4A50-8E17-12AA91EA9221}.Debug|ARM.Deploy.0 = Debug|ARM
		{B96BA424-96B9-4A50-8E17-12AA91EA9221}.Debug|ARM64.ActiveCfg = Debug|ARM64
		{B96BA424-96B9-4A50-8E17-12AA91EA9221}.Debug|ARM64.Build.0 = Debug|ARM64
		{B96BA424-96B9-4A50-8E17-12AA91EA9221}.Debug|ARM64.Deploy.0 = Debug|ARM64
		{B96BA424-96B9-4A50-8E17-12AA91EA9221}.Debug|x64.ActiveCfg = Debug|x64
		{B96BA424-96B9-4A50-8E17-12AA91EA9221}.Debug|x64.Build.0 = Debug|x64
		{B96BA424-96B9-4A50-8E17-12AA91EA9221}.Debug|x64.Deploy.0 = Debug|x64
		{B96BA424-96B9-4A50-8E17-12AA91EA9221}.Debug|x86.ActiveCfg = Debug|Win32
		{B96BA424-96B9-4A50-8E17-12AA91EA9221}.Debug|x86.Build.0 = Debug|Win32
		{B96BA424-96B9-4A50-8E17-12AA91EA9221}.Debug|x86.Deploy.0 = Debug|Win32
		{B96BA424-96B9-4A50-8E17-12AA91EA9221}.Release|ARM.ActiveCfg = Release|ARM
		{B96BA424-96B9-4A50-8E17-12AA91EA9221}.Release|ARM.Build.0 = Release|ARM
		{B96BA424-96B9-4A50-8E17-12AA91EA9221}.Release|ARM.Deploy.0 = Release|ARM
		{B96BA424-96B9-4A50-8E17-12AA91EA9221}.Release|ARM64.ActiveCfg = Release|ARM64
		{B96BA424-96B9-4A50-8E17-12AA91EA9221}.Release|ARM64.Build.0 = Release|ARM64
		{B96BA424-96B9-4A50-8E17-12AA91EA9221}.Release|ARM64.Deploy.0 = Release|ARM64
		{B96BA424-96B9-4A50-8E17-12AA91EA9221}.Release|x64.ActiveCfg = Release|x64
		{B96BA424-96B9-4A50-8E17-12AA91EA9221}.Release|x64.Build.0 = Release|x64
		{B96BA424-96B9-4A50-8E17-12AA91EA9221}.Release|x64.Deploy.0 = Release|x64
		{B96BA424-96B9-4A50-8E17-12AA91EA9221}.Release|x86.ActiveCfg = Release|Win32
		{B96BA424-96B9-4A50-8E17-12AA91EA9221}.Release|x86.Build.0 = Release|Win32
		{B96BA424-96B9-4A50-8E17-12AA91EA9221}.Release|x86.Deploy.0 = Release|Win32
		{D5A9A219-3FCD-4E16-8FD3-6F22EA8C2194}.Debug|ARM.ActiveCfg = Debug|ARM
		{D5A9A219-3FCD-4E16-8FD3-6F22EA8C2194}.Debug|ARM.Build.0 = Debug|ARM
		{D5A9A219-3FCD-4E16-8FD3-6F22EA8C2194}.Debug|ARM.Deploy.0 = Debug|ARM
		{D5A9A219-3FCD-4E16-8FD3-6F22EA8C2194}.Debug|ARM64.ActiveCfg = Debug|ARM64
		{D5A9A219-3FCD-4E16-8FD3-6F22EA8C2194}.Debug|ARM64.Build.0 = Debug|ARM64
		{D5A9A219-3FCD-4E16-8FD3-6F22EA8C2194}.Debug|ARM64.Deploy.0 = Debug|ARM64
		{D5A9A219-3FCD-4E16-8FD3-6F22EA8C2194}.Debug|x64.ActiveCfg = Debug|x64
		{D5A9A219-3FCD-4E16-8FD3-6F22EA8C2194}.Debug|x64.Build.0 = Debug|x64
		{D5A9A219-3FCD-4E16-8FD3-6F22EA8C2194}.Debug|x64.Deploy.0 = Debug|x64
		{D5A9A219-3FCD-4E16-8FD3-6F22EA8C2194}.Debug|x86.ActiveCfg = Debug|Win32
		{D5A9A219-3FCD-4E16-8FD3-6F22EA8C2194}.Debug|x86.Build.0 = Debug|Win32
		{D5A9A219-3FCD-4E16-8FD3-6F22EA8C2194}.Debug|x86.Deploy.0 = Debug|Win32
		{D5A9A219-3FCD-4E16-8FD3-6F22EA8C2194}.Release|ARM.ActiveCfg = Release|ARM
		{D5A9A219-3FCD-4E16-8FD3-6F22EA8C2194}.Release|ARM.Build.0 = Release|ARM
		{D5A9A219-3FCD-4E16-8FD3-6F22EA8C2194}.Release|ARM.Deploy.0 = Release|ARM
		{D5A9A219-3FCD-4E16-8FD3-6F22EA8C2194}.Release|ARM64.ActiveCfg = Release|ARM64
		{D5A9A219-3FCD-4E16-8FD3-6F22EA8C2194}.Release|ARM64.Build.0 = Release|ARM64
		{D5A9A219-3FCD-4E16-8FD3-6F22EA8C2194}.Release|ARM64.Deploy.0 = Release|ARM64
		{D5A9A219-3FCD-4E16-8FD3-6F22EA8C2194}.Release|x64.ActiveCfg = Release|x64
		{D5A9A219-3FCD-4E16-8FD3-6F22EA8C2194}.Release|x64.Build.0 = Release|x64
		{D5A9A219-3FCD-4E16-8FD3-6F22EA8C2194}.Release|x64.Deploy.0 = Release|x64
		{D5A9A219-3FCD-4E16-8FD3-6F22EA8C2194}.Release|x86.ActiveCfg = Release|Win32
		{D5A9A219-3FCD-4E16-8FD3-6F22EA8C2194}.Release|x86.Build.0 = Release|Win32
		{D5A9A219-3FCD-4E16-8FD3-6F22EA8C2194}.Release|x86.Deploy.0 = Release|Win32
		{ECEDA662-26AF-4310-A152-BEBA52D76D0E}.Debug|ARM.ActiveCfg = Debug|Win32
		{ECEDA662-26AF-4310-A152-BEBA52D76D0E}.Debug|ARM64.ActiveCfg = Debug|Win32
		{ECEDA662-26AF-4310-A152-BEBA52D76D0E}.Debug|x64.ActiveCfg = Debug|x64
		{ECEDA662-26AF-4310-A152-BEBA52D76D0E}.Debug|x64.Build.0 = Debug|x64
		{ECEDA662-26AF-4310-A152-BEBA52D76D0E}.Debug|x86.ActiveCfg = Debug|Win32
		{ECEDA662-26AF-4310-A152-BEBA52D76D0E}.Debug|x86.Build.0 = Debug|Win32
		{ECEDA662-26AF-4310-A152-BEBA52D76D0E}.Release|ARM.ActiveCfg = Release|Win32
		{ECEDA662-26AF-4310-A152-BEBA52D76D0E}.Release|ARM64.ActiveCfg = Release|Win32
		{ECEDA662-26AF-4310-A152-BEBA52D76D0E}.Release|x64.ActiveCfg = Release|x64
		{ECEDA662-26AF-4310-A152-BEBA52D76D0E}.Release|x64.Build.0 = Release|x64
		{ECEDA662-26AF-4310-A152-BEBA52D76D0E}.Release|x86.ActiveCfg = Release|Win32
		{ECEDA662-26AF-4310-A152-BEBA52D76D0E}.Release|x86.Build.0 = Release|Win32
		{2CABD3B7-0A89-4FBD-9756-D55670FA9819}.Debug|ARM.ActiveCfg = Debug|ARM
		{2CABD3B7-0A89-4FBD-9756-D55670FA9819}.Debug|ARM.Build.0 = Debug|ARM
		{2CABD3B7-0A89-4FBD-9756-D55670FA9819}.Debug|ARM.Deploy.0 = Debug|ARM
		{2CABD3B7-0A89-4FBD-9756-D55670FA9819}.Debug|ARM64.ActiveCfg = Debug|ARM64
		{2CABD3B7-0A89-4FBD-9756-D55670FA9819}.Debug|ARM64.Build.0 = Debug|ARM64
		{2CABD3B7-0A89-4FBD-9756-D55670FA9819}.Debug|ARM64.Deploy.0 = Debug|ARM64
		{2CABD3B7-0A89-4FBD-9756-D55670FA9819}.Debug|x64.ActiveCfg = Debug|x64
		{2CABD3B7-0A89-4FBD-9756-D55670FA9819}.Debug|x64.Build.0 = Debug|x64
		{2CABD3B7-0A89-4FBD-9756-D55670FA9819}.Debug|x64.Deploy.0 = Debug|x64
		{2CABD3B7-0A89-4FBD-9756-D55670FA9819}.Debug|x86.ActiveCfg = Debug|Win32
		{2CABD3B7-0A89-4FBD-9756-D55670FA9819}.Debug|x86.Build.0 = Debug|Win32
		{2CABD3B7-0A89-4FBD-9756-D55670FA9819}.Debug|x86.Deploy.0 = Debug|Win32
		{2CABD3B7-0A89-4FBD-9756-D55670FA9819}.Release|ARM.ActiveCfg = Release|ARM
		{2CABD3B7-0A89-4FBD-9756-D55670FA9819}.Release|ARM.Build.0 = Release|ARM
		{2CABD3B7-0A89-4FBD-9756-D55670FA9819}.Release|ARM.Deploy.0 = Release|ARM
		{2CABD3B7-0A89-4FBD-9756-D55670FA9819}.Release|ARM64.ActiveCfg = Release|ARM64
		{2CABD3B7-0A89-4FBD-9756-D55670FA9819}.Release|ARM64.Build.0 = Release|ARM64
		{2CABD3B7-0A89-4FBD-9756-D55670FA9819}.Release|ARM64.Deploy.0 = Release|ARM64
		{2CABD3B7-0A89-4FBD-9756-D55670FA9819}.Release|x64.ActiveCfg = Release|x64
		{2CABD3B7-0A89-4FBD-9756-D55670FA9819}.Release|x64.Build.0 = Release|x64
		{2CABD3B7-0A89-4FBD-9756-D55670FA9819}.Release|x64.Deploy.0 = Release|x64
		{2CABD3B7-0A89-4FBD-9756-D55670FA9819}.Release|x86.ActiveCfg = Release|Win32
		{2CABD3B7-0A89-4FBD-9756-D55670FA9819}.Release|x86.Build.0 = Release|Win32
		{2CABD3B7-0A89-4FBD-9756-D55670FA9819}.Release|x86.Deploy.0 = Release|Win32
		{9670A341-D7A8-4865-98CC-1667D85689D4}.Debug|ARM.ActiveCfg = Debug|ARM
		{9670A341-D7A8-4865-98CC-1667D85689D4}.Debug|ARM.Build.0 = Debug|ARM
		{9670A341-D7A8-4865-98CC-1667D85689D4}.Debug|ARM.Deploy.0 = Debug|ARM
		{9670A341-D7A8-4865-98CC-1667D85689D4}.Debug|ARM64.ActiveCfg = Debug|ARM64
		{9670A341-D7A8-4865-98CC-1667D85689D4}.Debug|ARM64.Build.0 = Debug|ARM64
		{9670A341-D7A8-4865-98CC-1667D85689D4}.Debug|ARM64.Deploy.0 = Debug|ARM64
		{9670A341-D7A8-4865-98CC-1667D85689D4}.Debug|x64.ActiveCfg = Debug|x64
		{9670A341-D7A8-4865-98CC-1667D85689D4}.Debug|x64.Build.0 = Debug|x64
		{9670A341-D7A8-4865-98CC-1667D85689D4}.Debug|x64.Deploy.0 = Debug|x64
		{9670A341-D7A8-4865-98CC-1667D85689D4}.Debug|x86.ActiveCfg = Debug|Win32
		{9670A341-D7A8-4865-98CC-1667D85689D4}.Debug|x86.Build.0 = Debug|Win32
		{9670A341-D7A8-4865-98CC-1667D85689D4}.Debug|x86.Deploy.0 = Debug|Win32
		{9670A341-D7A8-4865-98CC-1667D85689D4}.Release|ARM.ActiveCfg = Release|ARM
		{9670A341-D7A8-4865-98CC-1667D85689D4}.Release|ARM.Build.0 = Release|ARM
		{9670A341-D7A8-4865-98CC-1667D85689D4}.Release|ARM.Deploy.0 = Release|ARM
		{9670A341-D7A8-4865-98CC-1667D85689D4}.Release|ARM64.ActiveCfg = Release|ARM64
		{9670A341-D7A8-4865-98CC-1667D85689D4}.Release|ARM64.Build.0 = Release|ARM64
		{9670A341-D7A8-4865-98CC-1667D85689D4}.Release|ARM64.Deploy.0 = Release|ARM64
		{9670A341-D7A8-4865-98CC-1667D85689D4}.Release|x64.ActiveCfg = Release|x64
		{9670A341-D7A8-4865-98CC-1667D85689D4}.Release|x64.Build.0 = Release|x64
		{9670A341-D7A8-4865-98CC-1667D85689D4}.Release|x64.Deploy.0 = Release|x64
		{9670A341-D7A8-4865-98CC-1667D85689D4}.Release|x86.ActiveCfg = Release|Win32
		{9670A341-D7A8-4865-98CC-1667D85689D4}.Release|x86.Build.0 = Release|Win32
		{9670A341-D7A8-4865-98CC-1667D85689D4}.Release|x86.Deploy.0 = Release|Win32
		{4285C081-63FC-43CA-91C9-32C2BE51F4B8}.Debug|ARM.ActiveCfg = Debug|Win32
		{4285C081-63FC-43CA-91C9-32C2BE51F4B8}.Debug|ARM64.ActiveCfg = Debug|Win32
		{4285C081-63FC-43CA-91C9-32C2BE51F4B8}.Debug|x64.ActiveCfg = Debug|x64
		{4285C081-63FC-43CA-91C9-32C2BE51F4B8}.Debug|x64.Build.0 = Debug|x64
		{4285C081-63FC-43CA-91C9-32C2BE51F4B8}.Debug|x86.ActiveCfg = Debug|Win32
		{4285C081-63FC-43CA-91C9-32C2BE51F4B8}.Debug|x86.Build.0 = Debug|Win32
		{4285C081-63FC-43CA-91C9-32C2BE51F4B8}.Release|ARM.ActiveCfg = Release|Win32
		{4285C081-63FC-43CA-91C9-32C2BE51F4B8}.Release|ARM64.ActiveCfg = Release|Win32
		{4285C081-63FC-43CA-91C9-32C2BE51F4B8}.Release|x64.ActiveCfg = Release|x64
		{4285C081-63FC-43CA-91C9-32C2BE51F4B8}.Release|x64.Build.0 = Release|x64
		{4285C081-63FC-43CA-91C9-32C2BE51F4B8}.Release|x86.ActiveCfg = Release|Win32
		{4285C081-63FC-43CA-91C9-32C2BE51F4B8}.Release|x86.Build.0 = Release|Win32
		{1568CA9D-23DF-4E67-B362-F9E2D0BF35C3}.Debug|ARM.ActiveCfg = Debug|Win32
		{1568CA9D-23DF-4E67-B362-F9E2D0BF35C3}.Debug|ARM64.ActiveCfg = Debug|Win32
		{1568CA9D-23DF-4E67-B362-F9E2D0BF35C3}.Debug|x64.ActiveCfg = Debug|x64
		{1568CA9D-23DF-4E67-B362-F9E2D0BF35C3}.Debug|x64.Build.0 = Debug|x64
		{1568CA9D-23DF-4E67-B362-F9E2D0BF35C3}.Debug|x86.ActiveCfg = Debug|Win32
		{1568CA9D-23DF-4E67-B362-F9E2D0BF35C3}.Debug|x86.Build.0 = Debug|Win32
		{1568CA9D-23DF-4E67-B362-F9E2D0BF35C3}.Release|ARM.ActiveCfg = Release|Win32
		{1568CA9D-23DF-4E67-B362-F9E2D0BF35C3}.Release|ARM64.ActiveCfg = Release|Win32
		{1568CA9D-23DF-4E67-B362-F9E2D0BF35C3}.Release|x64.ActiveCfg = Release|x64
		{1568CA9D-23DF-4E67-B362-F9E2D0BF35C3}.Release|x64.Build.0 = Release|x64
		{1568CA9D-23DF-4E67-B362-F9E2D0BF35C3}.Release|x86.ActiveCfg = Release|Win32
		{1568CA9D-23DF-4E67-B362-F9E2D0BF35C3}.Release|x86.Build.0 = Release|Win32
		{8F38AF75-5B08-4C1C-90DF-E6BA2E6375E3}.Debug|ARM.ActiveCfg = Debug|ARM
		{8F38AF75-5B08-4C1C-90DF-E6BA2E6375E3}.Debug|ARM.Build.0 = Debug|ARM
		{8F38AF75-5B08-4C1C-90DF-E6BA2E6375E3}.Debug|ARM.Deploy.0 = Debug|ARM
		{8F38AF75-5B08-4C1C-90DF-E6BA2E6375E3}.Debug|ARM64.ActiveCfg = Debug|ARM64
		{8F38AF75-5B08-4C1C-90DF-E6BA2E6375E3}.Debug|ARM64.Build.0 = Debug|ARM64
		{8F38AF75-5B08-4C1C-90DF-E6BA2E6375E3}.Debug|ARM64.Deploy.0 = Debug|ARM64
		{8F38AF75-5B08-4C1C-90DF-E6BA2E6375E3}.Debug|x64.ActiveCfg = Debug|x64
		{8F38AF75-5B08-4C1C-90DF-E6BA2E6375E3}.Debug|x64.Build.0 = Debug|x64
		{8F38AF75-5B08-4C1C-90DF-E6BA2E6375E3}.Debug|x64.Deploy.0 = Debug|x64
		{8F38AF75-5B08-4C1C-90DF-E6BA2E6375E3}.Debug|x86.ActiveCfg = Debug|Win32
		{8F38AF75-5B08-4C1C-90DF-E6BA2E6375E3}.Debug|x86.Build.0 = Debug|Win32
		{8F38AF75-5B08-4C1C-90DF-E6BA2E6375E3}.Debug|x86.Deploy.0 = Debug|Win32
		{8F38AF75-5B08-4C1C-90DF-E6BA2E6375E3}.Release|ARM.ActiveCfg = Release|ARM
		{8F38AF75-5B08-4C1C-90DF-E6BA2E6375E3}.Release|ARM.Build.0 = Release|ARM
		{8F38AF75-5B08-4C1C-90DF-E6BA2E6375E3}.Release|ARM.Deploy.0 = Release|ARM
		{8F38AF75-5B08-4C1C-90DF-E6BA2E6375E3}.Release|ARM64.ActiveCfg = Release|ARM64
		{8F38AF75-5B08-4C1C-90DF-E6BA2E6375E3}.Release|ARM64.Build.0 = Release|ARM64
		{8F38AF75-5B08-4C1C-90DF-E6BA2E6375E3}.Release|ARM64.Deploy.0 = Release|ARM64
		{8F38AF75-5B08-4C1C-90DF-E6BA2E6375E3}.Release|x64.ActiveCfg = Release|x64
		{8F38AF75-5B08-4C1C-90DF-E6BA2E6375E3}.Release|x64.Build.0 = Release|x64
		{8F38AF75-5B08-4C1C-90DF-E6BA2E6375E3}.Release|x64.Deploy.0 = Release|x64
		{8F38AF75-5B08-4C1C-90DF-E6BA2E6375E3}.Release|x86.ActiveCfg = Release|Win32
		{8F38AF75-5B08-4C1C-90DF-E6BA2E6375E3}.Release|x86.Build.0 = Release|Win32
		{8F38AF75-5B08-4C1C-90DF-E6BA2E6375E3}.Release|x86.Deploy.0 = Release|Win32
		{0219564D-85CF-4949-9BC5-34C60CA52CEC}.Debug|ARM.ActiveCfg = Debug|ARM
		{0219564D-85CF-4949-9BC5-34C60CA52CEC}.Debug|ARM.Build.0 = Debug|ARM
		{0219564D-85CF-4949-9BC5-34C60CA52CEC}.Debug|ARM.Deploy.0 = Debug|ARM
		{0219564D-85CF-4949-9BC5-34C60CA52CEC}.Debug|ARM64.ActiveCfg = Debug|ARM64
		{0219564D-85CF-4949-9BC5-34C60CA52CEC}.Debug|ARM64.Build.0 = Debug|ARM64
		{0219564D-85CF-4949-9BC5-34C60CA52CEC}.Debug|ARM64.Deploy.0 = Debug|ARM64
		{0219564D-85CF-4949-9BC5-34C60CA52CEC}.Debug|x64.ActiveCfg = Debug|x64
		{0219564D-85CF-4949-9BC5-34C60CA52CEC}.Debug|x64.Build.0 = Debug|x64
		{0219564D-85CF-4949-9BC5-34C60CA52CEC}.Debug|x64.Deploy.0 = Debug|x64
		{0219564D-85CF-4949-9BC5-34C60CA52CEC}.Debug|x86.ActiveCfg = Debug|Win32
		{0219564D-85CF-4949-9BC5-34C60CA52CEC}.Debug|x86.Build.0 = Debug|Win32
		{0219564D-85CF-4949-9BC5-34C60CA52CEC}.Debug|x86.Deploy.0 = Debug|Win32
		{0219564D-85CF-4949-9BC5-34C60CA52CEC}.Release|ARM.ActiveCfg = Release|ARM
		{0219564D-85CF-4949-9BC5-34C60CA52CEC}.Release|ARM.Build.0 = Release|ARM
		{0219564D-85CF-4949-9BC5-34C60CA52CEC}.Release|ARM.Deploy.0 = Release|ARM
		{0219564D-85CF-4949-9BC5-34C60CA52CEC}.Release|ARM64.ActiveCfg = Release|ARM64
		{0219564D-85CF-4949-9BC5-34C60CA52CEC}.Release|ARM64.Build.0 = Release|ARM64
		{0219564D-85CF-4949-9BC5-34C60CA52CEC}.Release|ARM64.Deploy.0 = Release|ARM64
		{0219564D-85CF-4949-9BC5-34C60CA52CEC}.Release|x64.ActiveCfg = Release|x64
		{0219564D-85CF-4949-9BC5-34C60CA52CEC}.Release|x64.Build.0 = Release|x64
		{0219564D-85CF-4949-9BC5-34C60CA52CEC}.Release|x64.Deploy.0 = Release|x64
		{0219564D-85CF-4949-9BC5-34C60CA52CEC}.Release|x86.ActiveCfg = Release|Win32
		{0219564D-85CF-4949-9BC5-34C60CA52CEC}.Release|x86.Build.0 = Release|Win32
		{0219564D-85CF-4949-9BC5-34C60CA52CEC}.Release|x86.Deploy.0 = Release|Win32
		{5245B8AF-7FC6-43E4-946B-0777EA8168A6}.Debug|ARM.ActiveCfg = Debug|ARM
		{5245B8AF-7FC6-43E4-946B-0777EA8168A6}.Debug|ARM.Build.0 = Debug|ARM
		{5245B8AF-7FC6-43E4-946B-0777EA8168A6}.Debug|ARM.Deploy.0 = Debug|ARM
		{5245B8AF-7FC6-43E4-946B-0777EA8168A6}.Debug|ARM64.ActiveCfg = Debug|ARM64
		{5245B8AF-7FC6-43E4-946B-0777EA8168A6}.Debug|ARM64.Build.0 = Debug|ARM64
		{5245B8AF-7FC6-43E4-946B-0777EA8168A6}.Debug|ARM64.Deploy.0 = Debug|ARM64
		{5245B8AF-7FC6-43E4-946B-0777EA8168A6}.Debug|x64.ActiveCfg = Debug|x64
		{5245B8AF-7FC6-43E4-946B-0777EA8168A6}.Debug|x64.Build.0 = Debug|x64
		{5245B8AF-7FC6-43E4-946B-0777EA8168A6}.Debug|x64.Deploy.0 = Debug|x64
		{5245B8AF-7FC6-43E4-946B-0777EA8168A6}.Debug|x86.ActiveCfg = Debug|Win32
		{5245B8AF-7FC6-43E4-946B-0777EA8168A6}.Debug|x86.Build.0 = Debug|Win32
		{5245B8AF-7FC6-43E4-946B-0777EA8168A6}.Debug|x86.Deploy.0 = Debug|Win32
		{5245B8AF-7FC6-43E4-946B-0777EA8168A6}.Release|ARM.ActiveCfg = Release|ARM
		{5245B8AF-7FC6-43E4-946B-0777EA8168A6}.Release|ARM.Build.0 = Release|ARM
		{5245B8AF-7FC6-43E4-946B-0777EA8168A6}.Release|ARM.Deploy.0 = Release|ARM
		{5245B8AF-7FC6-43E4-946B-0777EA8168A6}.Release|ARM64.ActiveCfg = Release|ARM64
		{5245B8AF-7FC6-43E4-946B-0777EA8168A6}.Release|ARM64.Build.0 = Release|ARM64
		{5245B8AF-7FC6-43E4-946B-0777EA8168A6}.Release|ARM64.Deploy.0 = Release|ARM64
		{5245B8AF-7FC6-43E4-946B-0777EA8168A6}.Release|x64.ActiveCfg = Release|x64
		{5245B8AF-7FC6-43E4-946B-0777EA8168A6}.Release|x64.Build.0 = Release|x64
		{5245B8AF-7FC6-43E4-946B-0777EA8168A6}.Release|x64.Deploy.0 = Release|x64
		{5245B8AF-7FC6-43E4-946B-0777EA8168A6}.Release|x86.ActiveCfg = Release|Win32
		{5245B8AF-7FC6-43E4-946B-0777EA8168A6}.Release|x86.Build.0 = Release|Win32
		{5245B8AF-7FC6-43E4-946B-0777EA8168A6}.Release|x86.Deploy.0 = Release|Win32
		{7632F722-DE34-4866-83B1-5B17EA8467C8}.Debug|ARM.ActiveCfg = Debug|ARM
		{7632F722-DE34-4866-83B1-5B17EA8467C8}.Debug|ARM.Build.0 = Debug|ARM
		{7632F722-DE34-4866-83B1-5B17EA8467C8}.Debug|ARM.Deploy.0 = Debug|ARM
		{7632F722-DE34-4866-83B1-5B17EA8467C8}.Debug|ARM64.ActiveCfg = Debug|ARM64
		{7632F722-DE34-4866-83B1-5B17EA8467C8}.Debug|ARM64.Build.0 = Debug|ARM64
		{7632F722-DE34-4866-83B1-5B17EA8467C8}.Debug|ARM64.Deploy.0 = Debug|ARM64
		{7632F722-DE34-4866-83B1-5B17EA8467C8}.Debug|x64.ActiveCfg = Debug|x64
		{7632F722-DE34-4866-83B1-5B17EA8467C8}.Debug|x64.Build.0 = Debug|x64
		{7632F722-DE34-4866-83B1-5B17EA8467C8}.Debug|x64.Deploy.0 = Debug|x64
		{7632F722-DE34-4866-83B1-5B17EA8467C8}.Debug|x86.ActiveCfg = Debug|Win32
		{7632F722-DE34-4866-83B1-5B17EA8467C8}.Debug|x86.Build.0 = Debug|Win32
		{7632F722-DE34-4866-83B1-5B17EA8467C8}.Debug|x86.Deploy.0 = Debug|Win32
		{7632F722-DE34-4866-83B1-5B17EA8467C8}.Release|ARM.ActiveCfg = Release|ARM
		{7632F722-DE34-4866-83B1-5B17EA8467C8}.Release|ARM.Build.0 = Release|ARM
		{7632F722-DE34-4866-83B1-5B17EA8467C8}.Release|ARM.Deploy.0 = Release|ARM
		{7632F722-DE34-4866-83B1-5B17EA8467C8}.Release|ARM64.ActiveCfg = Release|ARM64
		{7632F722-DE34-4866-83B1-5B17EA8467C8}.Release|ARM64.Build.0 = Release|ARM64
		{7632F722-DE34-4866-83B1-5B17EA8467C8}.Release|ARM64.Deploy.0 = Release|ARM64
		{7632F722-DE34-4866-83B1-5B17EA8467C8}.Release|x64.ActiveCfg = Release|x64
		{7632F722-DE34-4866-83B1-5B17EA8467C8}.Release|x64.Build.0 = Release|x64
		{7632F722-DE34-4866-83B1-5B17EA8467C8}.Release|x64.Deploy.0 = Release|x64
		{7632F722-DE34-4866-83B1-5B17EA8467C8}.Release|x86.ActiveCfg = Release|Win32
		{7632F722-DE34-4866-83B1-5B17EA8467C8}.Release|x86.Build.0 = Release|Win32
		{7632F722-DE34-4866-83B1-5B17EA8467C8}.Release|x86.Deploy.0 = Release|Win32
		{680BAF9D-579C-413D-9C43-97B06DD222C1}.Debug|ARM.ActiveCfg = Debug|ARM
		{680BAF9D-579C-413D-9C43-97B06DD222C1}.Debug|ARM.Build.0 = Debug|ARM
		{680BAF9D-579C-413D-9C43-97B06DD222C1}.Debug|ARM.Deploy.0 = Debug|ARM
		{680BAF9D-579C-413D-9C43-97B06DD222C1}.Debug|ARM64.ActiveCfg = Debug|ARM64
		{680BAF9D-579C-413D-9C43-97B06DD222C1}.Debug|ARM64.Build.0 = Debug|ARM64
		{680BAF9D-579C-413D-9C43-97B06DD222C1}.Debug|ARM64.Deploy.0 = Debug|ARM64
		{680BAF9D-579C-413D-9C43-97B06DD222C1}.Debug|x64.ActiveCfg = Debug|x64
		{680BAF9D-579C-413D-9C43-97B06DD222C1}.Debug|x64.Build.0 = Debug|x64
		{680BAF9D-579C-413D-9C43-97B06DD222C1}.Debug|x64.Deploy.0 = Debug|x64
		{680BAF9D-579C-413D-9C43-97B06DD222C1}.Debug|x86.ActiveCfg = Debug|Win32
		{680BAF9D-579C-413D-9C43-97B06DD222C1}.Debug|x86.Build.0 = Debug|Win32
		{680BAF9D-579C-413D-9C43-97B06DD222C1}.Debug|x86.Deploy.0 = Debug|Win32
		{680BAF9D-579C-413D-9C43-97B06DD222C1}.Release|ARM.ActiveCfg = Release|ARM
		{680BAF9D-579C-413D-9C43-97B06DD222C1}.Release|ARM.Build.0 = Release|ARM
		{680BAF9D-579C-413D-9C43-97B06DD222C1}.Release|ARM.Deploy.0 = Release|ARM
		{680BAF9D-579C-413D-9C43-97B06DD222C1}.Release|ARM64.ActiveCfg = Release|ARM64
		{680BAF9D-579C-413D-9C43-97B06DD222C1}.Release|ARM64.Build.0 = Release|ARM64
		{680BAF9D-579C-413D-9C43-97B06DD222C1}.Release|ARM64.Deploy.0 = Release|ARM64
		{680BAF9D-579C-413D-9C43-97B06DD222C1}.Release|x64.ActiveCfg = Release|x64
		{680BAF9D-579C-413D-9C43-97B06DD222C1}.Release|x64.Build.0 = Release|x64
		{680BAF9D-579C-413D-9C43-97B06DD222C1}.Release|x64.Deploy.0 = Release|x64
		{680BAF9D-579C-413D-9C43-97B06DD222C1}.Release|x86.ActiveCfg = Release|Win32
		{680BAF9D-579C-413D-9C43-97B06DD222C1}.Release|x86.Build.0 = Release|Win32
		{680BAF9D-579C-413D-9C43-97B06DD222C1}.Release|x86.Deploy.0 = Release|Win32
		{4A97980D-D23D-4FC9-A227-85CBEC8A426E}.Debug|ARM.ActiveCfg = Debug|ARM
		{4A97980D-D23D-4FC9-A227-85CBEC8A426E}.Debug|ARM.Build.0 = Debug|ARM
		{4A97980D-D23D-4FC9-A227-85CBEC8A426E}.Debug|ARM.Deploy.0 = Debug|ARM
		{4A97980D-D23D-4FC9-A227-85CBEC8A426E}.Debug|ARM64.ActiveCfg = Debug|ARM64
		{4A97980D-D23D-4FC9-A227-85CBEC8A426E}.Debug|ARM64.Build.0 = Debug|ARM64
		{4A97980D-D23D-4FC9-A227-85CBEC8A426E}.Debug|ARM64.Deploy.0 = Debug|ARM64
		{4A97980D-D23D-4FC9-A227-85CBEC8A426E}.Debug|x64.ActiveCfg = Debug|x64
		{4A97980D-D23D-4FC9-A227-85CBEC8A426E}.Debug|x64.Build.0 = Debug|x64
		{4A97980D-D23D-4FC9-A227-85CBEC8A426E}.Debug|x64.Deploy.0 = Debug|x64
		{4A97980D-D23D-4FC9-A227-85CBEC8A426E}.Debug|x86.ActiveCfg = Debug|Win32
		{4A97980D-D23D-4FC9-A227-85CBEC8A426E}.Debug|x86.Build.0 = Debug|Win32
		{4A97980D-D23D-4FC9-A227-85CBEC8A426E}.Debug|x86.Deploy.0 = Debug|Win32
		{4A97980D-D23D-4FC9-A227-85CBEC8A426E}.Release|ARM.ActiveCfg = Release|ARM
		{4A97980D-D23D-4FC9-A227-85CBEC8A426E}.Release|ARM.Build.0 = Release|ARM
		{4A97980D-D23D-4FC9-A227-85CBEC8A426E}.Release|ARM.Deploy.0 = Release|ARM
		{4A97980D-D23D-4FC9-A227-85CBEC8A426E}.Release|ARM64.ActiveCfg = Release|ARM64
		{4A97980D-D23D-4FC9-A227-85CBEC8A426E}.Release|ARM64.Build.0 = Release|ARM64
		{4A97980D-D23D-4FC9-A227-85CBEC8A426E}.Release|ARM64.Deploy.0 = Release|ARM64
		{4A97980D-D23D-4FC9-A227-85CBEC8A426E}.Release|x64.ActiveCfg = Release|x64
		{4A97980D-D23D-4FC9-A227-85CBEC8A426E}.Release|x64.Build.0 = Release|x64
		{4A97980D-D23D-4FC9-A227-85CBEC8A426E}.Release|x64.Deploy.0 = Release|x64
		{4A97980D-D23D-4FC9-A227-85CBEC8A426E}.Release|x86.ActiveCfg = Release|Win32
		{4A97980D-D23D-4FC9-A227-85CBEC8A426E}.Release|x86.Build.0 = Release|Win32
		{4A97980D-D23D-4FC9-A227-85CBEC8A426E}.Release|x86.Deploy.0 = Release|Win32
		{B6385DAD-52F9-431E-A5CB-26BBA2B928AC}.Debug|ARM.ActiveCfg = Debug|Win32
		{B6385DAD-52F9-431E-A5CB-26BBA2B928AC}.Debug|ARM64.ActiveCfg = Debug|Win32
		{B6385DAD-52F9-431E-A5CB-26BBA2B928AC}.Debug|x64.ActiveCfg = Debug|x64
		{B6385DAD-52F9-431E-A5CB-26BBA2B928AC}.Debug|x64.Build.0 = Debug|x64
		{B6385DAD-52F9-431E-A5CB-26BBA2B928AC}.Debug|x86.ActiveCfg = Debug|Win32
		{B6385DAD-52F9-431E-A5CB-26BBA2B928AC}.Debug|x86.Build.0 = Debug|Win32
		{B6385DAD-52F9-431E-A5CB-26BBA2B928AC}.Release|ARM.ActiveCfg = Release|Win32
		{B6385DAD-52F9-431E-A5CB-26BBA2B928AC}.Release|ARM64.ActiveCfg = Release|Win32
		{B6385DAD-52F9-431E-A5CB-26BBA2B928AC}.Release|x64.ActiveCfg = Release|x64
		{B6385DAD-52F9-431E-A5CB-26BBA2B928AC}.Release|x64.Build.0 = Release|x64
		{B6385DAD-52F9-431E-A5CB-26BBA2B928AC}.Release|x86.ActiveCfg = Release|Win32
		{B6385DAD-52F9-431E-A5CB-26BBA2B928AC}.Release|x86.Build.0 = Release|Win32
		{7821D26D-3D8D-403E-8131-3A1DF092FD4B}.Debug|ARM.ActiveCfg = Debug|ARM
		{7821D26D-3D8D-403E-8131-3A1DF092FD4B}.Debug|ARM.Build.0 = Debug|ARM
		{7821D26D-3D8D-403E-8131-3A1DF092FD4B}.Debug|ARM.Deploy.0 = Debug|ARM
		{7821D26D-3D8D-403E-8131-3A1DF092FD4B}.Debug|ARM64.ActiveCfg = Debug|ARM64
		{7821D26D-3D8D-403E-8131-3A1DF092FD4B}.Debug|ARM64.Build.0 = Debug|ARM64
		{7821D26D-3D8D-403E-8131-3A1DF092FD4B}.Debug|ARM64.Deploy.0 = Debug|ARM64
		{7821D26D-3D8D-403E-8131-3A1DF092FD4B}.Debug|x64.ActiveCfg = Debug|x64
		{7821D26D-3D8D-403E-8131-3A1DF092FD4B}.Debug|x64.Build.0 = Debug|x64
		{7821D26D-3D8D-403E-8131-3A1DF092FD4B}.Debug|x64.Deploy.0 = Debug|x64
		{7821D26D-3D8D-403E-8131-3A1DF092FD4B}.Debug|x86.ActiveCfg = Debug|Win32
		{7821D26D-3D8D-403E-8131-3A1DF092FD4B}.Debug|x86.Build.0 = Debug|Win32
		{7821D26D-3D8D-403E-8131-3A1DF092FD4B}.Debug|x86.Deploy.0 = Debug|Win32
		{7821D26D-3D8D-403E-8131-3A1DF092FD4B}.Release|ARM.ActiveCfg = Release|ARM
		{7821D26D-3D8D-403E-8131-3A1DF092FD4B}.Release|ARM.Build.0 = Release|ARM
		{7821D26D-3D8D-403E-8131-3A1DF092FD4B}.Release|ARM.Deploy.0 = Release|ARM
		{7821D26D-3D8D-403E-8131-3A1DF092FD4B}.Release|ARM64.ActiveCfg = Release|ARM64
		{7821D26D-3D8D-403E-8131-3A1DF092FD4B}.Release|ARM64.Build.0 = Release|ARM64
		{7821D26D-3D8D-403E-8131-3A1DF092FD4B}.Release|ARM64.Deploy.0 = Release|ARM64
		{7821D26D-3D8D-403E-8131-3A1DF092FD4B}.Release|x64.ActiveCfg = Release|x64
		{7821D26D-3D8D-403E-8131-3A1DF092FD4B}.Release|x64.Build.0 = Release|x64
		{7821D26D-3D8D-403E-8131-3A1DF092FD4B}.Release|x64.Deploy.0 = Release|x64
		{7821D26D-3D8D-403E-8131-3A1DF092FD4B}.Release|x86.ActiveCfg = Release|Win32
		{7821D26D-3D8D-403E-8131-3A1DF092FD4B}.Release|x86.Build.0 = Release|Win32
		{7821D26D-3D8D-403E-8131-3A1DF092FD4B}.Release|x86.Deploy.0 = Release|Win32
		{EC8BB87D-B85C-4FE3-B0EF-0D3DBE5FD3C3}.Debug|ARM.ActiveCfg = Debug|ARM
		{EC8BB87D-B85C-4FE3-B0EF-0D3DBE5FD3C3}.Debug|ARM.Build.0 = Debug|ARM
		{EC8BB87D-B85C-4FE3-B0EF-0D3DBE5FD3C3}.Debug|ARM.Deploy.0 = Debug|ARM
		{EC8BB87D-B85C-4FE3-B0EF-0D3DBE5FD3C3}.Debug|ARM64.ActiveCfg = Debug|ARM64
		{EC8BB87D-B85C-4FE3-B0EF-0D3DBE5FD3C3}.Debug|ARM64.Build.0 = Debug|ARM64
		{EC8BB87D-B85C-4FE3-B0EF-0D3DBE5FD3C3}.Debug|ARM64.Deploy.0 = Debug|ARM64
		{EC8BB87D-B85C-4FE3-B0EF-0D3DBE5FD3C3}.Debug|x64.ActiveCfg = Debug|x64
		{EC8BB87D-B85C-4FE3-B0EF-0D3DBE5FD3C3}.Debug|x64.Build.0 = Debug|x64
		{EC8BB87D-B85C-4FE3-B0EF-0D3DBE5FD3C3}.Debug|x64.Deploy.0 = Debug|x64
		{EC8BB87D-B85C-4FE3-B0EF-0D3DBE5FD3C3}.Debug|x86.ActiveCfg = Debug|Win32
		{EC8BB87D-B85C-4FE3-B0EF-0D3DBE5FD3C3}.Debug|x86.Build.0 = Debug|Win32
		{EC8BB87D-B85C-4FE3-B0EF-0D3DBE5FD3C3}.Debug|x86.Deploy.0 = Debug|Win32
		{EC8BB87D-B85C-4FE3-B0EF-0D3DBE5FD3C3}.Release|ARM.ActiveCfg = Release|ARM
		{EC8BB87D-B85C-4FE3-B0EF-0D3DBE5FD3C3}.Release|ARM.Build.0 = Release|ARM
		{EC8BB87D-B85C-4FE3-B0EF-0D3DBE5FD3C3}.Release|ARM.Deploy.0 = Release|ARM
		{EC8BB87D-B85C-4FE3-B0EF-0D3DBE5FD3C3}.Release|ARM64.ActiveCfg = Release|ARM64
		{EC8BB87D-B85C-4FE3-B0EF-0D3DBE5FD3C3}.Release|ARM64.Build.0 = Release|ARM64
		{EC8BB87D-B85C-4FE3-B0EF-0D3DBE5FD3C3}.Release|ARM64.Deploy.0 = Release|ARM64
		{EC8BB87D-B85C-4FE3-B0EF-0D3DBE5FD3C3}.Release|x64.ActiveCfg = Release|x64
		{EC8BB87D-B85C-4FE3-B0EF-0D3DBE5FD3C3}.Release|x64.Build.0 = Release|x64
		{EC8BB87D-B85C-4FE3-B0EF-0D3DBE5FD3C3}.Release|x64.Deploy.0 = Release|x64
		{EC8BB87D-B85C-4FE3-B0EF-0D3DBE5FD3C3}.Release|x86.ActiveCfg = Release|Win32
		{EC8BB87D-B85C-4FE3-B0EF-0D3DBE5FD3C3}.Release|x86.Build.0 = Release|Win32
		{EC8BB87D-B85C-4FE3-B0EF-0D3DBE5FD3C3}.Release|x86.Deploy.0 = Release|Win32
	EndGlobalSection
	GlobalSection(SolutionProperties) = preSolution
		HideSolutionNode = FALSE
	EndGlobalSection
	GlobalSection(ExtensibilityGlobals) = postSolution
		SolutionGuid = {61DBC1A2-F1DF-4925-8334-F15ECBB8A4FC}
	EndGlobalSection
EndGlobal
